
Microsoft Visual Studio Solution File, Format Version 12.00
# Visual Studio Version 16
VisualStudioVersion = 16.0.30413.136
MinimumVisualStudioVersion = 10.0.40219.1
Project("{9A19103F-16F7-4668-BE54-9A1E7A4F7556}") = "uppgift_10", "uppgift_10\uppgift_10.csproj", "{D2B99521-E717-4EE3-BAC1-19F52B3C17DF}"
EndProject
Global
	GlobalSection(SolutionConfigurationPlatforms) = preSolution
		Debug|Any CPU = Debug|Any CPU
		Release|Any CPU = Release|Any CPU
	EndGlobalSection
	GlobalSection(ProjectConfigurationPlatforms) = postSolution
		{D2B99521-E717-4EE3-BAC1-19F52B3C17DF}.Debug|Any CPU.ActiveCfg = Debug|Any CPU
		{D2B99521-E717-4EE3-BAC1-19F52B3C17DF}.Debug|Any CPU.Build.0 = Debug|Any CPU
		{D2B99521-E717-4EE3-BAC1-19F52B3C17DF}.Release|Any CPU.ActiveCfg = Release|Any CPU
		{D2B99521-E717-4EE3-BAC1-19F52B3C17DF}.Release|Any CPU.Build.0 = Release|Any CPU
	EndGlobalSection
	GlobalSection(SolutionProperties) = preSolution
		HideSolutionNode = FALSE
	EndGlobalSection
	GlobalSection(ExtensibilityGlobals) = postSolution
		SolutionGuid = {B30BDFEA-300C-42A1-87FB-D69C56E0DCEB}
	EndGlobalSection
EndGlobal
